
Microsoft Visual Studio Solution File, Format Version 12.00
# Visual Studio Version 17
VisualStudioVersion = 17.3.32804.467
MinimumVisualStudioVersion = 10.0.40219.1
Project("{FAE04EC0-301F-11D3-BF4B-00C04F79EFBC}") = "TextTranslation", "TextTranslation\TextTranslation.csproj", "{67F81794-EF88-4472-97A5-F8D5A747F44C}"
EndProject
Global
	GlobalSection(SolutionConfigurationPlatforms) = preSolution
		Debug|Any CPU = Debug|Any CPU
		Release|Any CPU = Release|Any CPU
	EndGlobalSection
	GlobalSection(ProjectConfigurationPlatforms) = postSolution
		{67F81794-EF88-4472-97A5-F8D5A747F44C}.Debug|Any CPU.ActiveCfg = Debug|Any CPU
		{67F81794-EF88-4472-97A5-F8D5A747F44C}.Debug|Any CPU.Build.0 = Debug|Any CPU
		{67F81794-EF88-4472-97A5-F8D5A747F44C}.Release|Any CPU.ActiveCfg = Release|Any CPU
		{67F81794-EF88-4472-97A5-F8D5A747F44C}.Release|Any CPU.Build.0 = Release|Any CPU
	EndGlobalSection
	GlobalSection(SolutionProperties) = preSolution
		HideSolutionNode = FALSE
	EndGlobalSection
	GlobalSection(ExtensibilityGlobals) = postSolution
		SolutionGuid = {0C924C76-A1B5-4D3D-AB7E-B6EA9942C0ED}
	EndGlobalSection
EndGlobal
